
Microsoft Visual Studio Solution File, Format Version 12.00
# Visual Studio Version 16
VisualStudioVersion = 16.0.32510.428
MinimumVisualStudioVersion = 10.0.40219.1
Project("{FAE04EC0-301F-11D3-BF4B-00C04F79EFBC}") = "HNSNameAlarm", "HNSNameAlarm\HNSNameAlarm.csproj", "{EDBF8653-2F48-4505-874F-77879DF963EB}"
EndProject
Global
	GlobalSection(SolutionConfigurationPlatforms) = preSolution
		Debug|Any CPU = Debug|Any CPU
		Release|Any CPU = Release|Any CPU
	EndGlobalSection
	GlobalSection(ProjectConfigurationPlatforms) = postSolution
		{EDBF8653-2F48-4505-874F-77879DF963EB}.Debug|Any CPU.ActiveCfg = Debug|Any CPU
		{EDBF8653-2F48-4505-874F-77879DF963EB}.Debug|Any CPU.Build.0 = Debug|Any CPU
		{EDBF8653-2F48-4505-874F-77879DF963EB}.Release|Any CPU.ActiveCfg = Release|Any CPU
		{EDBF8653-2F48-4505-874F-77879DF963EB}.Release|Any CPU.Build.0 = Release|Any CPU
	EndGlobalSection
	GlobalSection(SolutionProperties) = preSolution
		HideSolutionNode = FALSE
	EndGlobalSection
	GlobalSection(ExtensibilityGlobals) = postSolution
		SolutionGuid = {2B812B95-A7F6-4339-AD87-38E40213FC52}
	EndGlobalSection
EndGlobal
